
Microsoft Visual Studio Solution File, Format Version 12.00
# Visual Studio Version 16
VisualStudioVersion = 16.0.29102.190
MinimumVisualStudioVersion = 10.0.40219.1
Project("{9A19103F-16F7-4668-BE54-9A1E7A4F7556}") = "HttpParser", "HttpParser\HttpParser.csproj", "{1BB9619E-C522-448F-8BFA-48F164987F75}"
EndProject
Project("{9A19103F-16F7-4668-BE54-9A1E7A4F7556}") = "Tests", "Tests\Tests.csproj", "{D8B84F71-C268-4CFC-B732-099CF45AB3CB}"
EndProject
Project("{FAE04EC0-301F-11D3-BF4B-00C04F79EFBC}") = "HttpBuilder", "HttpBuilder\HttpBuilder.csproj", "{3830DE4A-B66F-49D0-AC0D-EF12FBC5253E}"
EndProject
Project("{FAE04EC0-301F-11D3-BF4B-00C04F79EFBC}") = "HttpWebRequestExecutor", "HttpWebRequestExecutor\HttpWebRequestExecutor.csproj", "{EB4B727A-1944-4CC1-B271-7057963DF385}"
EndProject
Global
	GlobalSection(SolutionConfigurationPlatforms) = preSolution
		Debug|Any CPU = Debug|Any CPU
		Debug|x64 = Debug|x64
		Release|Any CPU = Release|Any CPU
		Release|x64 = Release|x64
	EndGlobalSection
	GlobalSection(ProjectConfigurationPlatforms) = postSolution
		{1BB9619E-C522-448F-8BFA-48F164987F75}.Debug|Any CPU.ActiveCfg = Debug|Any CPU
		{1BB9619E-C522-448F-8BFA-48F164987F75}.Debug|Any CPU.Build.0 = Debug|Any CPU
		{1BB9619E-C522-448F-8BFA-48F164987F75}.Debug|x64.ActiveCfg = Debug|Any CPU
		{1BB9619E-C522-448F-8BFA-48F164987F75}.Debug|x64.Build.0 = Debug|Any CPU
		{1BB9619E-C522-448F-8BFA-48F164987F75}.Release|Any CPU.ActiveCfg = Release|Any CPU
		{1BB9619E-C522-448F-8BFA-48F164987F75}.Release|Any CPU.Build.0 = Release|Any CPU
		{1BB9619E-C522-448F-8BFA-48F164987F75}.Release|x64.ActiveCfg = Release|Any CPU
		{1BB9619E-C522-448F-8BFA-48F164987F75}.Release|x64.Build.0 = Release|Any CPU
		{D8B84F71-C268-4CFC-B732-099CF45AB3CB}.Debug|Any CPU.ActiveCfg = Debug|Any CPU
		{D8B84F71-C268-4CFC-B732-099CF45AB3CB}.Debug|Any CPU.Build.0 = Debug|Any CPU
		{D8B84F71-C268-4CFC-B732-099CF45AB3CB}.Debug|x64.ActiveCfg = Debug|Any CPU
		{D8B84F71-C268-4CFC-B732-099CF45AB3CB}.Debug|x64.Build.0 = Debug|Any CPU
		{D8B84F71-C268-4CFC-B732-099CF45AB3CB}.Release|Any CPU.ActiveCfg = Release|Any CPU
		{D8B84F71-C268-4CFC-B732-099CF45AB3CB}.Release|Any CPU.Build.0 = Release|Any CPU
		{D8B84F71-C268-4CFC-B732-099CF45AB3CB}.Release|x64.ActiveCfg = Release|Any CPU
		{D8B84F71-C268-4CFC-B732-099CF45AB3CB}.Release|x64.Build.0 = Release|Any CPU
		{3830DE4A-B66F-49D0-AC0D-EF12FBC5253E}.Debug|Any CPU.ActiveCfg = Debug|Any CPU
		{3830DE4A-B66F-49D0-AC0D-EF12FBC5253E}.Debug|Any CPU.Build.0 = Debug|Any CPU
		{3830DE4A-B66F-49D0-AC0D-EF12FBC5253E}.Debug|x64.ActiveCfg = Debug|Any CPU
		{3830DE4A-B66F-49D0-AC0D-EF12FBC5253E}.Debug|x64.Build.0 = Debug|Any CPU
		{3830DE4A-B66F-49D0-AC0D-EF12FBC5253E}.Release|Any CPU.ActiveCfg = Release|Any CPU
		{3830DE4A-B66F-49D0-AC0D-EF12FBC5253E}.Release|Any CPU.Build.0 = Release|Any CPU
		{3830DE4A-B66F-49D0-AC0D-EF12FBC5253E}.Release|x64.ActiveCfg = Release|Any CPU
		{3830DE4A-B66F-49D0-AC0D-EF12FBC5253E}.Release|x64.Build.0 = Release|Any CPU
		{EB4B727A-1944-4CC1-B271-7057963DF385}.Debug|Any CPU.ActiveCfg = Debug|Any CPU
		{EB4B727A-1944-4CC1-B271-7057963DF385}.Debug|Any CPU.Build.0 = Debug|Any CPU
		{EB4B727A-1944-4CC1-B271-7057963DF385}.Debug|x64.ActiveCfg = Debug|Any CPU
		{EB4B727A-1944-4CC1-B271-7057963DF385}.Debug|x64.Build.0 = Debug|Any CPU
		{EB4B727A-1944-4CC1-B271-7057963DF385}.Release|Any CPU.ActiveCfg = Release|Any CPU
		{EB4B727A-1944-4CC1-B271-7057963DF385}.Release|Any CPU.Build.0 = Release|Any CPU
		{EB4B727A-1944-4CC1-B271-7057963DF385}.Release|x64.ActiveCfg = Release|Any CPU
		{EB4B727A-1944-4CC1-B271-7057963DF385}.Release|x64.Build.0 = Release|Any CPU
	EndGlobalSection
	GlobalSection(SolutionProperties) = preSolution
		HideSolutionNode = FALSE
	EndGlobalSection
	GlobalSection(ExtensibilityGlobals) = postSolution
		SolutionGuid = {2906F202-1DE7-48B9-AD89-3FADD25D19F4}
	EndGlobalSection
EndGlobal
